github.com/BurntSushi/toml v0.3.1/go.mod h1:xHWCNGjB5oqiDr8zfno3MHue2Ht5sIBksp03qcyfWMU=
github.com/aws/aws-lambda-go v1.26.0 h1:6ujqBpYF7tdZcBvPIccs98SpeGfrt/UOVEiexfNIdHA=
github.com/aws/aws-lambda-go v1.26.0/go.mod h1:jJmlefzPfGnckuHdXX7/80O3BvUUi12XOkbv4w9SGLU=
github.com/aws/aws-sdk-go-v2 v1.7.1/go.mod h1:L5LuPC1ZgDr2xQS7AmIec/Jlc7O/Y1u2KxJyNVab250=
github.com/aws/aws-sdk-go-v2 v1.8.0/go.mod h1:xEFuWz+3TYdlPRuo+CqATbeDWIWyaT5uAPwPaWtgse0=
github.com/aws/aws-sdk-go-v2 v1.8.1/go.mod h1:xEFuWz+3TYdlPRuo+CqATbeDWIWyaT5uAPwPaWtgse0=
github.com/aws/aws-sdk-go-v2 v1.9.0 h1:+S+dSqQCN3MSU5vJRu1HqHrq00cJn6heIMU7X9hcsoo=
github.com/aws/aws-sdk-go-v2 v1.9.0/go.mod h1:cK/D0BBs0b/oWPIcX/Z/obahJK1TT7IPVjy53i/mX/4=
github.com/aws/aws-sdk-go-v2/config v1.5.0/go.mod h1:RWlPOAW3E3tbtNAqTwvSW54Of/yP3oiZXMI0xfUdjyA=
github.com/aws/aws-sdk-go-v2/config v1.6.1 h1:qrZINaORyr78syO1zfD4l7r4tZjy0Z1l0sy4jiysyOM=
github.com/aws/aws-sdk-go-v2/config v1.6.1/go.mod h1:t/y3UPu0XEDy0cEw6mvygaBQaPzWiYAxfP2SzgtvclA=
github.com/aws/aws-sdk-go-v2/credentials v1.3.1/go.mod h1:r0n73xwsIVagq8RsxmZbGSRQFj9As3je72C2WzUIToc=
github.com/aws/aws-sdk-go-v2/credentials v1.3.3 h1:A13QPatmUl41SqUfnuT3V0E3XiNGL6qNTOINbE8cZL4=
github.com/aws/aws-sdk-go-v2/credentials v1.3.3/go.mod h1:oVieKMT3m9BSfqhOfuQ+E0j/yN84ZAJ7Qv8Sfume/ak=
github.com/aws/aws-sdk-go-v2/feature/dynamodb/attributevalue v1.1.4/go.mod h1:BalixXTxmldrOnuBmxMcsCB5USo3bCV+hIJKhZrJ8Xw=
github.com/aws/aws-sdk-go-v2/feature/dynamodb/attributevalue v1.1.5 h1:oRPcc8u+2bOtDhFGEuly8WJWzZOebo0PWafNCrWwU20=
github.com/aws/aws-sdk-go-v2/feature/dynamodb/attributevalue v1.1.5/go.mod h1:axdqWtYjTDQ+5VjtpFIsVOztAZQ6cgkDgLCioudQe5w=
github.com/aws/aws-sdk-go-v2/feature/ec2/imds v1.3.0/go.mod h1:2LAuqPx1I6jNfaGDucWfA2zqQCYCOMCDHiCOciALyNw=
github.com/aws/aws-sdk-go-v2/feature/ec2/imds v1.4.1 h1:rc+fRGvlKbeSd9IFhFS1KWBs0XjTkq0CfK5xqyLgIp0=
github.com/aws/aws-sdk-go-v2/feature/ec2/imds v1.4.1/go.mod h1:+GTydg3uHmVlQdkRoetz6VHKbOMEYof70m19IpMLifc=
github.com/aws/aws-sdk-go-v2/internal/configsources v1.0.2/go.mod h1:1QsSZvLUuaQ6VJsCXolYCEzV0mVBkNBp64pIJy9yRks=
github.com/aws/aws-sdk-go-v2/internal/configsources v1.0.3 h1:iJ2NzhHxVptFqv5POxqiyYdXWIdeCiKba6xaDr2ZSpc=
github.com/aws/aws-sdk-go-v2/internal/configsources v1.0.3/go.mod h1:e7I5I0tt1DAZT2LfvbcVg6IEsBWlinSXXx5pyHfkJH0=
github.com/aws/aws-sdk-go-v2/internal/ini v1.1.1/go.mod h1:Zy8smImhTdOETZqfyn01iNOe0CNggVbPjCajyaz6Gvg=
github.com/aws/aws-sdk-go-v2/internal/ini v1.2.1 h1:IkqRRUZTKaS16P2vpX+FNc2jq3JWa3c478gykQp4ow4=
github.com/aws/aws-sdk-go-v2/internal/ini v1.2.1/go.mod h1:Pv3WenDjI0v2Jl7UaMFIIbPOBbhn33RmmAmGgkXDoqY=
github.com/aws/aws-sdk-go-v2/service/cloudwatchlogs v1.5.1/go.mod h1:pZ4cH9FFYwHoD5RlaARrvqtaTU5DpnFkUhoGCPoaQ6k=
github.com/aws/aws-sdk-go-v2/service/cloudwatchlogs v1.6.0 h1:Voir1UZKtNzZtuBFpZKMusqHAL/iLxgB9CUfqQTKtuc=
github.com/aws/aws-sdk-go-v2/service/cloudwatchlogs v1.6.0/go.mod h1:MBUapxQ/GrcVd5WJRgkYTnzzeh/0Z/la5Mb7522zOjE=
github.com/aws/aws-sdk-go-v2/service/dynamodb v1.4.2/go.mod h1:CBVwmgiHX9hzS8rySIXhIOr8v5TrFvwBvNP8aXEC1JM=
github.com/aws/aws-sdk-go-v2/service/dynamodb v1.4.3 h1:JX5QhGCrXTB4klBo0A7p5BPsIo2BNtszVOJpLFCr0R0=
github.com/aws/aws-sdk-go-v2/service/dynamodb v1.4.3/go.mod h1:X2cRRAFr+PFRhau9cHa/bL8G5PscI4ubcXVV3hK1K9g=
github.com/aws/aws-sdk-go-v2/service/dynamodbstreams v1.3.2/go.mod h1:RSAQ3CTKssm3sYMlmElRGJBq0gtok7gd3EXDBblAvsk=
github.com/aws/aws-sdk-go-v2/service/dynamodbstreams v1.3.3 h1:EDVYWMzwuxNbdK+mMH5i4pMmzKWE913IkIXKcIdHc7Y=
github.com/aws/aws-sdk-go-v2/service/dynamodbstreams v1.3.3/go.mod h1:oMEETQtqzPDLuHWAlkd1e9M7iDfIzGF18WnxK/KneIA=
github.com/aws/aws-sdk-go-v2/service/internal/accept-encoding v1.2.2 h1:YcGVEqLQGHDa81776C3daai6ZkkRGf/8RAQ07hV0QcU=
github.com/aws/aws-sdk-go-v2/service/internal/accept-encoding v1.2.2/go.mod h1:EASdTcM1lGhUe1/p4gkojHwlGJkeoRjjr1sRCzup3Is=
github.com/aws/aws-sdk-go-v2/service/internal/endpoint-discovery v1.0.2/go.mod h1:Gej5xRE+MK0r35OnxJJ07iqQ5JC1avTW/4MwGfsC2io=
github.com/aws/aws-sdk-go-v2/service/internal/endpoint-discovery v1.0.3 h1:M/6YDLy6XmLiHgUXaSurtx87FBGDD6FGo7McdZiW3qs=
github.com/aws/aws-sdk-go-v2/service/internal/endpoint-discovery v1.0.3/go.mod h1:WmbxW25s4YQ1qaIKqcxiAzgvLzDZvnDCXHpWmQmHF/g=
github.com/aws/aws-sdk-go-v2/service/internal/presigned-url v1.2.1/go.mod h1:zceowr5Z1Nh2WVP8bf/3ikB41IZW59E4yIYbg+pC6mw=
github.com/aws/aws-sdk-go-v2/service/internal/presigned-url v1.2.3 h1:VxFCgxsqWe7OThOwJ5IpFX3xrObtuIH9Hg/NW7oot1Y=
github.com/aws/aws-sdk-go-v2/service/internal/presigned-url v1.2.3/go.mod h1:7gcsONBmFoCcKrAqrm95trrMd2+C/ReYKP7Vfu8yHHA=
github.com/aws/aws-sdk-go-v2/service/internal/s3shared v1.5.3 h1:7tPSbUWzuoMJ2woUKgOfIPuZS88hMdFHJBBB2vR0bHI=
github.com/aws/aws-sdk-go-v2/service/internal/s3shared v1.5.3/go.mod h1:/ugW3qFkJe/h7sNtI6/zJnwRbvavs6GyOid69uI9eek=
github.com/aws/aws-sdk-go-v2/service/s3 v1.13.0 h1:2oMLrNpOSpkDTocIVv3Fut1XrmlbKPlgnnYMGYqFp0Y=
github.com/aws/aws-sdk-go-v2/service/s3 v1.13.0/go.mod h1:Tzxhu3GnCpj45WJqXyxcLF2gUHzTcmY7CzpQ9x9KVls=
github.com/aws/aws-sdk-go-v2/service/secretsmanager v1.5.1 h1:xJR9yboovbeoyvruJK4ufFsEW+9VNyamEXcFKAVy5II=
github.com/aws/aws-sdk-go-v2/service/secretsmanager v1.5.1/go.mod h1:KxKNf9VRvZCKXdQt797jBrvhbxZby4aF1X+syponY88=
github.com/aws/aws-sdk-go-v2/service/ses v1.5.2 h1:Yc2dofP6vvkhhJKHxT84Axv7TjSkviKie15kO56zqhM=
github.com/aws/aws-sdk-go-v2/service/ses v1.5.2/go.mod h1:SPZjnywB9xIaaZ/iybfWLC7JZC0H974miiY1vlaevs8=
github.com/aws/aws-sdk-go-v2/service/sqs v1.9.0 h1:g6EHC3RFpgbRR8/Yk6BTbzfPn+E3o6J3zWPrcjvVJTw=
github.com/aws/aws-sdk-go-v2/service/sqs v1.9.0/go.mod h1:BXA1CVaEd9TBOQ8G2ke7lMWdVggAeh35+h2HDO50z7s=
github.com/aws/aws-sdk-go-v2/service/sso v1.3.1/go.mod h1:J3A3RGUvuCZjvSuZEcOpHDnzZP/sKbhDWV2T1EOzFIM=
github.com/aws/aws-sdk-go-v2/service/sso v1.3.3 h1:K2gCnGvAASpz+jqP9iyr+F/KNjmTYf8aWOtTQzhmZ5w=
github.com/aws/aws-sdk-go-v2/service/sso v1.3.3/go.mod h1:Jgw5O+SK7MZ2Yi9Yvzb4PggAPYaFSliiQuWR0hNjexk=
github.com/aws/aws-sdk-go-v2/service/sts v1.6.0/go.mod h1:q7o0j7d7HrJk/vr9uUt3BVRASvcU7gYZB9PUgPiByXg=
github.com/aws/aws-sdk-go-v2/service/sts v1.6.2 h1:l504GWCoQi1Pk68vSUFGLmDIEMzRfVGNgLakDK+Uj58=
github.com/aws/aws-sdk-go-v2/service/sts v1.6.2/go.mod h1:RBhoMJB8yFToaCnbe0jNq5Dcdy0jp6LhHqg55rjClkM=
github.com/aws/smithy-go v1.6.0/go.mod h1:SObp3lf9smib00L/v3U2eAKG8FyQ7iLrJnQiAmR5n+E=
github.com/aws/smithy-go v1.7.0/go.mod h1:SObp3lf9smib00L/v3U2eAKG8FyQ7iLrJnQiAmR5n+E=
github.com/aws/smithy-go v1.8.0 h1:AEwwwXQZtUwP5Mz506FeXXrKBe0jA8gVM+1gEcSRooc=
github.com/aws/smithy-go v1.8.0/go.mod h1:SObp3lf9smib00L/v3U2eAKG8FyQ7iLrJnQiAmR5n+E=
github.com/cpuguy83/go-md2man/v2 v2.0.0-20190314233015-f79a8a8ca69d/go.mod h1:maD7wRr/U5Z6m/iR4s+kqSMx2CaBsrgA7czyZG/E6dU=
github.com/cpuguy83/go-md2man/v2 v2.0.0/go.mod h1:maD7wRr/U5Z6m/iR4s+kqSMx2CaBsrgA7czyZG/E6dU=
github.com/davecgh/go-spew v1.1.0/go.mod h1:J7Y8YcW2NihsgmVo/mv3lAwl/skON4iLHjSsI+c5H38=
github.com/davecgh/go-spew v1.1.1 h1:vj9j/u1bqnvCEfJOwUhtlOARqs3+rkHYY13jYWTU97c=
github.com/davecgh/go-spew v1.1.1/go.mod h1:J7Y8YcW2NihsgmVo/mv3lAwl/skON4iLHjSsI+c5H38=
github.com/go-mail/mail v2.3.1+incompatible h1:UzNOn0k5lpfVtO31cK3hn6I4VEVGhe3lX8AJBAxXExM=
github.com/go-mail/mail v2.3.1+incompatible/go.mod h1:VPWjmmNyRsWXQZHVHT3g0YbIINUkSmuKOiLIDkWbL6M=
github.com/gofor-little/aws-email v0.2.1 h1:Y9kOEvQPorH+67ZSHRs+0pg9lOQOwvv9b1uFb4DbXCM=
github.com/gofor-little/aws-email v0.2.1/go.mod h1:fQ7OrEGJkLmVhBG7XItYs8bG9jAy9sYFsJR/SNx/NUc=
github.com/gofor-little/cfg v0.3.1 h1:qiJ/lmgbqXZ+lI4zg6j9Atvtxsl0Ix2FyScjjupySMc=
github.com/gofor-little/cfg v0.3.1/go.mod h1:9Oih8XGmul1r4woOClnB5PZ753VdAfyto6DxoQffI34=
github.com/gofor-little/env v0.4.4/go.mod h1:Jefo+ty+Xy9xSIlClJ73QJR1eCV0fCEU4denlQnc3z4=
github.com/gofor-little/env v1.0.0/go.mod h1:8OLro9C21TW5/k/mKEWSCxLE0G1awgoLGrUtLNeFZCU=
github.com/gofor-little/env v1.0.1 h1:eyIs4TAz3N0oaNwFf0TFSRIuaHRDryLM5ccRZRuGYlw=
github.com/gofor-little/env v1.0.1/go.mod h1:O9VC/sxOcJfu6DPWz6EUVULGJ6ufdy8QkfUZC7OVKQc=
github.com/gofor-little/log v1.0.0/go.mod h1:yx/9xgqLl5UQq9uLhLf/bKGHPPzLncNzJrn4Ol1KZlA=
github.com/gofor-little/log v1.0.1 h1:UnluGvErRCHBGIrNjgkNbUGJvAqbtvqf/bXusUD24mU=
github.com/gofor-little/log v1.0.1/go.mod h1:UJIyKE7bHqsJFUdMGqAFZq/L3QpXiPflJM4KZtEIvq8=
github.com/gofor-little/ts v0.2.6 h1:go4YET64JNw6a2HVwHs0dXSMNMx0v2ug6D29/6pitLs=
github.com/gofor-little/ts v0.2.6/go.mod h1:oP+s46Ng2FGjr17VOrjn2akcltjHFdtB9QuGnM3g0g4=
github.com/gofor-little/xerror v0.4.0/go.mod h1:wjsFMng4jjalKHCSIocghCPYXEHqdpkb37EHTwrlj2I=
github.com/gofor-little/xerror v0.4.1/go.mod h1:wjsFMng4jjalKHCSIocghCPYXEHqdpkb37EHTwrlj2I=
github.com/gofor-little/xerror v0.5.0 h1:VnbR/cM8Qw2Ahw/vNXJIU3IJ/lCDAH+ewh875FaxkUM=
github.com/gofor-little/xerror v0.5.0/go.mod h1:STbmj77c00keIwdRTBGGoixSyfVqz/pukORfbElaWck=
github.com/gofor-little/xrand v0.3.2 h1:ySYG2JWULagX8OmG2/cVp4AwHdpCUZtDj9mnJvZExiY=
github.com/gofor-little/xrand v0.3.2/go.mod h1:/cpS1F+0OCDmC5kCS1ND2Caf1KYXc6rVHHXKaXdE3BM=
github.com/google/go-cmp v0.5.4/go.mod h1:v8dTdLbMG2kIc/vJvl+f65V22dbkXbowE6jgT/gNBxE=
github.com/google/go-cmp v0.5.6 h1:BKbKCqvP6I+rmFHt06ZmyQtvB8xAkWdhFyr0ZUNZcxQ=
github.com/google/go-cmp v0.5.6/go.mod h1:v8dTdLbMG2kIc/vJvl+f65V22dbkXbowE6jgT/gNBxE=
github.com/jmespath/go-jmespath v0.4.0 h1:BEgLn5cpjn8UN1mAw4NjwDrS35OdebyEtFe+9YPoQUg=
github.com/jmespath/go-jmespath v0.4.0/go.mod h1:T8mJZnbsbmF+m6zOOFylbeCJqk5+pHWvzYPziyZiYoo=
github.com/jmespath/go-jmespath/internal/testify v1.5.1 h1:shLQSRRSCCPj3f2gpwzGwWFoC7ycTf1rcQZHOlsJ6N8=
github.com/jmespath/go-jmespath/internal/testify v1.5.1/go.mod h1:L3OGu8Wl2/fWfCI6z80xFu9LTZmf1ZRjMHUOPmWr69U=
github.com/matryer/is v1.4.0 h1:sosSmIWwkYITGrxZ25ULNDeKiMNzFSr4V/eqBQP0PeE=
github.com/matryer/is v1.4.0/go.mod h1:8I/i5uYgLzgsgEloJE1U6xx5HkBQpAZvepWuujKwMRU=
github.com/pmezard/go-difflib v1.0.0 h1:4DBwDE0NGyQoBHbLQYPwSUPoCMWR5BEzIk/f1lZbAQM=
github.com/pmezard/go-difflib v1.0.0/go.mod h1:iKH77koFhYxTK1pcRnkKkqfTogsbg7gZNVY4sRDYZ/4=
github.com/russross/blackfriday/v2 v2.0.1/go.mod h1:+Rmxgy9KzJVeS9/2gXHxylqXiyQDYRxCVz55jmeOWTM=
github.com/shurcooL/sanitized_anchor_name v1.0.0/go.mod h1:1NzhyTcUVG4SuEtjjoZeVRXNmyL/1OwPU0+IJeTBvfc=
github.com/stretchr/objx v0.1.0/go.mod h1:HFkY916IF+rwdDfMAkV7OtwuqBVzrE8GR6GFx+wExME=
github.com/stretchr/testify v1.6.1/go.mod h1:6Fq8oRcR53rry900zMqJjRRixrwX3KX962/h/Wwjteg=
github.com/stretchr/testify v1.7.0 h1:nwc3DEeHmmLAfoZucVR881uASk0Mfjw8xYJ99tb5CcY=
github.com/stretchr/testify v1.7.0/go.mod h1:6Fq8oRcR53rry900zMqJjRRixrwX3KX962/h/Wwjteg=
github.com/strongishllama/xlambda v0.4.1 h1:cGJUv4VygGmfZaES0bSzm43h+5uH7SAFecTcNEYq6AQ=
github.com/strongishllama/xlambda v0.4.1/go.mod h1:DohuIZKBMAmfoYsfMWQ2xeQ6a8SMLWMd6Nh8RQsLEoA=
github.com/urfave/cli/v2 v2.2.0/go.mod h1:SE9GqnLQmjVa0iPEY0f1w3ygNIYcIJ0OKPMoW2caLfQ=
golang.org/x/xerrors v0.0.0-20191204190536-9bdfabe68543 h1:E7g+9GITq07hpfrRu66IVDexMakfv52eLZ2CXBWiKr4=
golang.org/x/xerrors v0.0.0-20191204190536-9bdfabe68543/go.mod h1:I/5z698sn9Ka8TeJc9MKroUUfqBBauWjQqLJ2OPfmY0=
gopkg.in/alexcesaro/quotedprintable.v3 v3.0.0-20150716171945-2caba252f4dc h1:2gGKlE2+asNV9m7xrywl36YYNnBG5ZQ0r/BOOxqPpmk=
gopkg.in/alexcesaro/quotedprintable.v3 v3.0.0-20150716171945-2caba252f4dc/go.mod h1:m7x9LTH6d71AHyAX77c9yqWCCa3UKHcVEj9y7hAtKDk=
gopkg.in/check.v1 v0.0.0-20161208181325-20d25e280405 h1:yhCVgyC4o1eVCa2tZl7eS0r+SDo693bJlVdllGtEeKM=
gopkg.in/check.v1 v0.0.0-20161208181325-20d25e280405/go.mod h1:Co6ibVJAznAaIkqp8huTwlJQCZ016jof/cbN4VW5Yz0=
gopkg.in/mail.v2 v2.3.1 h1:WYFn/oANrAGP2C0dcV6/pbkPzv8yGzqTjPmTeO7qoXk=
gopkg.in/mail.v2 v2.3.1/go.mod h1:htwXN1Qh09vZJ1NVKxQqHPBaCBbzKhp5GzuJEA4VJWw=
gopkg.in/yaml.v2 v2.2.2/go.mod h1:hI93XBmqTisBFMUTm0b8Fm+jr3Dg1NNxqwp+5A1VGuI=
gopkg.in/yaml.v2 v2.2.8 h1:obN1ZagJSUGI0Ek/LBmuj4SNLPfIny3KsKFopxRdj10=
gopkg.in/yaml.v2 v2.2.8/go.mod h1:hI93XBmqTisBFMUTm0b8Fm+jr3Dg1NNxqwp+5A1VGuI=
gopkg.in/yaml.v3 v3.0.0-20200313102051-9f266ea9e77c/go.mod h1:K4uyk7z7BCEPqu6E+C64Yfv1cQ7kz7rIZviUmN+EgEM=
gopkg.in/yaml.v3 v3.0.0-20200615113413-eeeca48fe776/go.mod h1:K4uyk7z7BCEPqu6E+C64Yfv1cQ7kz7rIZviUmN+EgEM=
gopkg.in/yaml.v3 v3.0.0-20210107192922-496545a6307b h1:h8qDotaEPuJATrMmW04NCwg7v22aHH28wwpauUhK9Oo=
gopkg.in/yaml.v3 v3.0.0-20210107192922-496545a6307b/go.mod h1:K4uyk7z7BCEPqu6E+C64Yfv1cQ7kz7rIZviUmN+EgEM=
